
Microsoft Visual Studio Solution File, Format Version 12.00
# Visual Studio Version 17
VisualStudioVersion = 17.8.34525.116
MinimumVisualStudioVersion = 10.0.40219.1
Project("{FAE04EC0-301F-11D3-BF4B-00C04F79EFBC}") = "ToDoListProject", "ToDoListProject\ToDoListProject.csproj", "{CBA442EE-5114-41D4-BEF6-9E369F6F18A1}"
EndProject
Project("{2150E333-8FDC-42A3-9474-1A3956D46DE8}") = "Domain", "Domain", "{C0585B75-A559-4E6C-B262-7D03FB40982B}"
EndProject
Project("{FAE04EC0-301F-11D3-BF4B-00C04F79EFBC}") = "ToDoListProject.Domain", "ToDoListProject.Domain\ToDoListProject.Domain.csproj", "{BE3FD097-6574-4F33-BF51-E42B1C9C0493}"
EndProject
Project("{2150E333-8FDC-42A3-9474-1A3956D46DE8}") = "DAL", "DAL", "{FBBF66C1-B66C-4397-8D46-BC1D5400ECEF}"
EndProject
Project("{FAE04EC0-301F-11D3-BF4B-00C04F79EFBC}") = "ToDoListProject.DAL", "ToDoListProject.DAL\ToDoListProject.DAL.csproj", "{04E49899-0496-40B9-8A93-B0241398186A}"
EndProject
Global
	GlobalSection(SolutionConfigurationPlatforms) = preSolution
		Debug|Any CPU = Debug|Any CPU
		Release|Any CPU = Release|Any CPU
	EndGlobalSection
	GlobalSection(ProjectConfigurationPlatforms) = postSolution
		{CBA442EE-5114-41D4-BEF6-9E369F6F18A1}.Debug|Any CPU.ActiveCfg = Debug|Any CPU
		{CBA442EE-5114-41D4-BEF6-9E369F6F18A1}.Debug|Any CPU.Build.0 = Debug|Any CPU
		{CBA442EE-5114-41D4-BEF6-9E369F6F18A1}.Release|Any CPU.ActiveCfg = Release|Any CPU
		{CBA442EE-5114-41D4-BEF6-9E369F6F18A1}.Release|Any CPU.Build.0 = Release|Any CPU
		{BE3FD097-6574-4F33-BF51-E42B1C9C0493}.Debug|Any CPU.ActiveCfg = Debug|Any CPU
		{BE3FD097-6574-4F33-BF51-E42B1C9C0493}.Debug|Any CPU.Build.0 = Debug|Any CPU
		{BE3FD097-6574-4F33-BF51-E42B1C9C0493}.Release|Any CPU.ActiveCfg = Release|Any CPU
		{BE3FD097-6574-4F33-BF51-E42B1C9C0493}.Release|Any CPU.Build.0 = Release|Any CPU
		{04E49899-0496-40B9-8A93-B0241398186A}.Debug|Any CPU.ActiveCfg = Debug|Any CPU
		{04E49899-0496-40B9-8A93-B0241398186A}.Debug|Any CPU.Build.0 = Debug|Any CPU
		{04E49899-0496-40B9-8A93-B0241398186A}.Release|Any CPU.ActiveCfg = Release|Any CPU
		{04E49899-0496-40B9-8A93-B0241398186A}.Release|Any CPU.Build.0 = Release|Any CPU
	EndGlobalSection
	GlobalSection(SolutionProperties) = preSolution
		HideSolutionNode = FALSE
	EndGlobalSection
	GlobalSection(NestedProjects) = preSolution
		{BE3FD097-6574-4F33-BF51-E42B1C9C0493} = {C0585B75-A559-4E6C-B262-7D03FB40982B}
		{04E49899-0496-40B9-8A93-B0241398186A} = {FBBF66C1-B66C-4397-8D46-BC1D5400ECEF}
	EndGlobalSection
	GlobalSection(ExtensibilityGlobals) = postSolution
		SolutionGuid = {C9D46535-E83C-4E24-8DBC-F5D2B5F6C60B}
	EndGlobalSection
EndGlobal
